
Microsoft Visual Studio Solution File, Format Version 12.00
# Visual Studio Version 17
VisualStudioVersion = 17.4.33205.214
MinimumVisualStudioVersion = 10.0.40219.1
Project("{FAE04EC0-301F-11D3-BF4B-00C04F79EFBC}") = "SistemaComercio", "SistemaComercio\SistemaComercio.csproj", "{BB50B1B7-512D-4A5D-839F-D7E905F8552C}"
EndProject
Project("{FAE04EC0-301F-11D3-BF4B-00C04F79EFBC}") = "CamadaApresentacao", "CamadaApresentacao\CamadaApresentacao.csproj", "{CC099B6C-1207-4D4C-83CA-6AD17A4C153D}"
EndProject
Project("{FAE04EC0-301F-11D3-BF4B-00C04F79EFBC}") = "CamadaNegocio", "CamadaNegocio\CamadaNegocio.csproj", "{062C48B7-A0D1-4E4F-9EFC-99BB54506E7F}"
EndProject
Project("{FAE04EC0-301F-11D3-BF4B-00C04F79EFBC}") = "CamadaDados", "CamadaDados\CamadaDados.csproj", "{D32BD96D-BE82-4EAC-A652-AEEA6DFF12D5}"
EndProject
Global
	GlobalSection(SolutionConfigurationPlatforms) = preSolution
		Debug|Any CPU = Debug|Any CPU
		Release|Any CPU = Release|Any CPU
	EndGlobalSection
	GlobalSection(ProjectConfigurationPlatforms) = postSolution
		{BB50B1B7-512D-4A5D-839F-D7E905F8552C}.Debug|Any CPU.ActiveCfg = Debug|Any CPU
		{BB50B1B7-512D-4A5D-839F-D7E905F8552C}.Debug|Any CPU.Build.0 = Debug|Any CPU
		{BB50B1B7-512D-4A5D-839F-D7E905F8552C}.Release|Any CPU.ActiveCfg = Release|Any CPU
		{BB50B1B7-512D-4A5D-839F-D7E905F8552C}.Release|Any CPU.Build.0 = Release|Any CPU
		{CC099B6C-1207-4D4C-83CA-6AD17A4C153D}.Debug|Any CPU.ActiveCfg = Debug|Any CPU
		{CC099B6C-1207-4D4C-83CA-6AD17A4C153D}.Debug|Any CPU.Build.0 = Debug|Any CPU
		{CC099B6C-1207-4D4C-83CA-6AD17A4C153D}.Release|Any CPU.ActiveCfg = Release|Any CPU
		{CC099B6C-1207-4D4C-83CA-6AD17A4C153D}.Release|Any CPU.Build.0 = Release|Any CPU
		{062C48B7-A0D1-4E4F-9EFC-99BB54506E7F}.Debug|Any CPU.ActiveCfg = Debug|Any CPU
		{062C48B7-A0D1-4E4F-9EFC-99BB54506E7F}.Debug|Any CPU.Build.0 = Debug|Any CPU
		{062C48B7-A0D1-4E4F-9EFC-99BB54506E7F}.Release|Any CPU.ActiveCfg = Release|Any CPU
		{062C48B7-A0D1-4E4F-9EFC-99BB54506E7F}.Release|Any CPU.Build.0 = Release|Any CPU
		{D32BD96D-BE82-4EAC-A652-AEEA6DFF12D5}.Debug|Any CPU.ActiveCfg = Debug|Any CPU
		{D32BD96D-BE82-4EAC-A652-AEEA6DFF12D5}.Debug|Any CPU.Build.0 = Debug|Any CPU
		{D32BD96D-BE82-4EAC-A652-AEEA6DFF12D5}.Release|Any CPU.ActiveCfg = Release|Any CPU
		{D32BD96D-BE82-4EAC-A652-AEEA6DFF12D5}.Release|Any CPU.Build.0 = Release|Any CPU
	EndGlobalSection
	GlobalSection(SolutionProperties) = preSolution
		HideSolutionNode = FALSE
	EndGlobalSection
	GlobalSection(ExtensibilityGlobals) = postSolution
		SolutionGuid = {67920B25-8C8F-4988-9A46-604A7F534D4A}
	EndGlobalSection
EndGlobal
