
Microsoft Visual Studio Solution File, Format Version 12.00
# Visual Studio Version 17
VisualStudioVersion = 17.4.33205.214
MinimumVisualStudioVersion = 10.0.40219.1
Project("{FAE04EC0-301F-11D3-BF4B-00C04F79EFBC}") = "SistemaComercio", "SistemaComercio\SistemaComercio.csproj", "{BB50B1B7-512D-4A5D-839F-D7E905F8552C}"
EndProject
Project("{9A19103F-16F7-4668-BE54-9A1E7A4F7556}") = "CamadaNegocio", "CamadaNegocio\CamadaNegocio.csproj", "{42CAE30A-D8DD-4BEA-946B-7343495F6698}"
EndProject
Project("{9A19103F-16F7-4668-BE54-9A1E7A4F7556}") = "CamadaDados", "CamadaDados\CamadaDados.csproj", "{0F6B0E9B-E32F-4E39-9F0F-B65A16B4342B}"
EndProject
Project("{FAE04EC0-301F-11D3-BF4B-00C04F79EFBC}") = "CamadaApresentacao", "CamadaApresentacao\CamadaApresentacao.csproj", "{CC099B6C-1207-4D4C-83CA-6AD17A4C153D}"
EndProject
Global
	GlobalSection(SolutionConfigurationPlatforms) = preSolution
		Debug|Any CPU = Debug|Any CPU
		Release|Any CPU = Release|Any CPU
	EndGlobalSection
	GlobalSection(ProjectConfigurationPlatforms) = postSolution
		{BB50B1B7-512D-4A5D-839F-D7E905F8552C}.Debug|Any CPU.ActiveCfg = Debug|Any CPU
		{BB50B1B7-512D-4A5D-839F-D7E905F8552C}.Debug|Any CPU.Build.0 = Debug|Any CPU
		{BB50B1B7-512D-4A5D-839F-D7E905F8552C}.Release|Any CPU.ActiveCfg = Release|Any CPU
		{BB50B1B7-512D-4A5D-839F-D7E905F8552C}.Release|Any CPU.Build.0 = Release|Any CPU
		{42CAE30A-D8DD-4BEA-946B-7343495F6698}.Debug|Any CPU.ActiveCfg = Debug|Any CPU
		{42CAE30A-D8DD-4BEA-946B-7343495F6698}.Debug|Any CPU.Build.0 = Debug|Any CPU
		{42CAE30A-D8DD-4BEA-946B-7343495F6698}.Release|Any CPU.ActiveCfg = Release|Any CPU
		{42CAE30A-D8DD-4BEA-946B-7343495F6698}.Release|Any CPU.Build.0 = Release|Any CPU
		{0F6B0E9B-E32F-4E39-9F0F-B65A16B4342B}.Debug|Any CPU.ActiveCfg = Debug|Any CPU
		{0F6B0E9B-E32F-4E39-9F0F-B65A16B4342B}.Debug|Any CPU.Build.0 = Debug|Any CPU
		{0F6B0E9B-E32F-4E39-9F0F-B65A16B4342B}.Release|Any CPU.ActiveCfg = Release|Any CPU
		{0F6B0E9B-E32F-4E39-9F0F-B65A16B4342B}.Release|Any CPU.Build.0 = Release|Any CPU
		{CC099B6C-1207-4D4C-83CA-6AD17A4C153D}.Debug|Any CPU.ActiveCfg = Debug|Any CPU
		{CC099B6C-1207-4D4C-83CA-6AD17A4C153D}.Debug|Any CPU.Build.0 = Debug|Any CPU
		{CC099B6C-1207-4D4C-83CA-6AD17A4C153D}.Release|Any CPU.ActiveCfg = Release|Any CPU
		{CC099B6C-1207-4D4C-83CA-6AD17A4C153D}.Release|Any CPU.Build.0 = Release|Any CPU
	EndGlobalSection
	GlobalSection(SolutionProperties) = preSolution
		HideSolutionNode = FALSE
	EndGlobalSection
	GlobalSection(ExtensibilityGlobals) = postSolution
		SolutionGuid = {67920B25-8C8F-4988-9A46-604A7F534D4A}
	EndGlobalSection
EndGlobal
